
Microsoft Visual Studio Solution File, Format Version 12.00
# Visual Studio Version 17
VisualStudioVersion = 17.0.32112.339
MinimumVisualStudioVersion = 10.0.40219.1
Project("{2150E333-8FDC-42A3-9474-1A3956D46DE8}") = "src", "src", "{75D1D1AB-3A64-417F-8211-BD6095108515}"
EndProject
Project("{2150E333-8FDC-42A3-9474-1A3956D46DE8}") = "Modules", "Modules", "{2D6CF501-37CC-42B0-AF67-FB1C76508EF4}"
EndProject
Project("{2150E333-8FDC-42A3-9474-1A3956D46DE8}") = "Recommendation", "Recommendation", "{4DA10ED2-4A70-4E2C-A80C-7E4A7C30EDF0}"
EndProject
Project("{9A19103F-16F7-4668-BE54-9A1E7A4F7556}") = "Modules.Recommendation", "Modules\Recommendation\Modules.Recommendation\Modules.Recommendation.csproj", "{44D9EF56-C01D-4CBC-81AB-173F1AC2A8BE}"
EndProject
Project("{9A19103F-16F7-4668-BE54-9A1E7A4F7556}") = "Modules.Recommendation.Core", "Modules\Recommendation\Modules.Recommendation.Core\Modules.Recommendation.Core.csproj", "{85B6B5C4-3355-4772-92DB-CBBD84400C01}"
EndProject
Project("{9A19103F-16F7-4668-BE54-9A1E7A4F7556}") = "Modules.Recommendation.Infrastructure", "Modules\Recommendation\Modules.Recommendation.Infrastructure\Modules.Recommendation.Infrastructure.csproj", "{51858A02-92C1-4966-AC1B-D1062E772A99}"
EndProject
Project("{2150E333-8FDC-42A3-9474-1A3956D46DE8}") = "Host", "Host", "{EF5EC322-4650-4B73-82BA-CFD99585DFE7}"
EndProject
Project("{9A19103F-16F7-4668-BE54-9A1E7A4F7556}") = "API", "API\API.csproj", "{63A8BCE0-6019-4B6E-8A52-BF31E87C608E}"
EndProject
Project("{2150E333-8FDC-42A3-9474-1A3956D46DE8}") = "Shared", "Shared", "{88487E56-411A-4682-A441-1EBE68CA56CE}"
EndProject
Project("{9A19103F-16F7-4668-BE54-9A1E7A4F7556}") = "Shared.Core", "Shared\Shared.Core\Shared.Core.csproj", "{43542A7F-61C6-4D92-B246-E63A5ACC5447}"
EndProject
Project("{9A19103F-16F7-4668-BE54-9A1E7A4F7556}") = "Shared.Infrastructure", "Shared\Shared.Infrastructure\Shared.Infrastructure.csproj", "{87F33619-D3F2-4789-92AF-0D9C00A77577}"
EndProject
Project("{9A19103F-16F7-4668-BE54-9A1E7A4F7556}") = "Shared.Models", "Shared\Shared.Models\Shared.Models.csproj", "{A613FC21-33FC-456F-A8A8-074DB8EB8BAA}"
EndProject
Global
	GlobalSection(SolutionConfigurationPlatforms) = preSolution
		Debug|Any CPU = Debug|Any CPU
		Release|Any CPU = Release|Any CPU
	EndGlobalSection
	GlobalSection(ProjectConfigurationPlatforms) = postSolution
		{44D9EF56-C01D-4CBC-81AB-173F1AC2A8BE}.Debug|Any CPU.ActiveCfg = Debug|Any CPU
		{44D9EF56-C01D-4CBC-81AB-173F1AC2A8BE}.Debug|Any CPU.Build.0 = Debug|Any CPU
		{44D9EF56-C01D-4CBC-81AB-173F1AC2A8BE}.Release|Any CPU.ActiveCfg = Release|Any CPU
		{44D9EF56-C01D-4CBC-81AB-173F1AC2A8BE}.Release|Any CPU.Build.0 = Release|Any CPU
		{85B6B5C4-3355-4772-92DB-CBBD84400C01}.Debug|Any CPU.ActiveCfg = Debug|Any CPU
		{85B6B5C4-3355-4772-92DB-CBBD84400C01}.Debug|Any CPU.Build.0 = Debug|Any CPU
		{85B6B5C4-3355-4772-92DB-CBBD84400C01}.Release|Any CPU.ActiveCfg = Release|Any CPU
		{85B6B5C4-3355-4772-92DB-CBBD84400C01}.Release|Any CPU.Build.0 = Release|Any CPU
		{51858A02-92C1-4966-AC1B-D1062E772A99}.Debug|Any CPU.ActiveCfg = Debug|Any CPU
		{51858A02-92C1-4966-AC1B-D1062E772A99}.Debug|Any CPU.Build.0 = Debug|Any CPU
		{51858A02-92C1-4966-AC1B-D1062E772A99}.Release|Any CPU.ActiveCfg = Release|Any CPU
		{51858A02-92C1-4966-AC1B-D1062E772A99}.Release|Any CPU.Build.0 = Release|Any CPU
		{63A8BCE0-6019-4B6E-8A52-BF31E87C608E}.Debug|Any CPU.ActiveCfg = Debug|Any CPU
		{63A8BCE0-6019-4B6E-8A52-BF31E87C608E}.Debug|Any CPU.Build.0 = Debug|Any CPU
		{63A8BCE0-6019-4B6E-8A52-BF31E87C608E}.Release|Any CPU.ActiveCfg = Release|Any CPU
		{63A8BCE0-6019-4B6E-8A52-BF31E87C608E}.Release|Any CPU.Build.0 = Release|Any CPU
		{43542A7F-61C6-4D92-B246-E63A5ACC5447}.Debug|Any CPU.ActiveCfg = Debug|Any CPU
		{43542A7F-61C6-4D92-B246-E63A5ACC5447}.Debug|Any CPU.Build.0 = Debug|Any CPU
		{43542A7F-61C6-4D92-B246-E63A5ACC5447}.Release|Any CPU.ActiveCfg = Release|Any CPU
		{43542A7F-61C6-4D92-B246-E63A5ACC5447}.Release|Any CPU.Build.0 = Release|Any CPU
		{87F33619-D3F2-4789-92AF-0D9C00A77577}.Debug|Any CPU.ActiveCfg = Debug|Any CPU
		{87F33619-D3F2-4789-92AF-0D9C00A77577}.Debug|Any CPU.Build.0 = Debug|Any CPU
		{87F33619-D3F2-4789-92AF-0D9C00A77577}.Release|Any CPU.ActiveCfg = Release|Any CPU
		{87F33619-D3F2-4789-92AF-0D9C00A77577}.Release|Any CPU.Build.0 = Release|Any CPU
		{A613FC21-33FC-456F-A8A8-074DB8EB8BAA}.Debug|Any CPU.ActiveCfg = Debug|Any CPU
		{A613FC21-33FC-456F-A8A8-074DB8EB8BAA}.Debug|Any CPU.Build.0 = Debug|Any CPU
		{A613FC21-33FC-456F-A8A8-074DB8EB8BAA}.Release|Any CPU.ActiveCfg = Release|Any CPU
		{A613FC21-33FC-456F-A8A8-074DB8EB8BAA}.Release|Any CPU.Build.0 = Release|Any CPU
	EndGlobalSection
	GlobalSection(SolutionProperties) = preSolution
		HideSolutionNode = FALSE
	EndGlobalSection
	GlobalSection(NestedProjects) = preSolution
		{2D6CF501-37CC-42B0-AF67-FB1C76508EF4} = {75D1D1AB-3A64-417F-8211-BD6095108515}
		{4DA10ED2-4A70-4E2C-A80C-7E4A7C30EDF0} = {2D6CF501-37CC-42B0-AF67-FB1C76508EF4}
		{44D9EF56-C01D-4CBC-81AB-173F1AC2A8BE} = {4DA10ED2-4A70-4E2C-A80C-7E4A7C30EDF0}
		{85B6B5C4-3355-4772-92DB-CBBD84400C01} = {4DA10ED2-4A70-4E2C-A80C-7E4A7C30EDF0}
		{51858A02-92C1-4966-AC1B-D1062E772A99} = {4DA10ED2-4A70-4E2C-A80C-7E4A7C30EDF0}
		{EF5EC322-4650-4B73-82BA-CFD99585DFE7} = {75D1D1AB-3A64-417F-8211-BD6095108515}
		{63A8BCE0-6019-4B6E-8A52-BF31E87C608E} = {EF5EC322-4650-4B73-82BA-CFD99585DFE7}
		{88487E56-411A-4682-A441-1EBE68CA56CE} = {75D1D1AB-3A64-417F-8211-BD6095108515}
		{43542A7F-61C6-4D92-B246-E63A5ACC5447} = {88487E56-411A-4682-A441-1EBE68CA56CE}
		{87F33619-D3F2-4789-92AF-0D9C00A77577} = {88487E56-411A-4682-A441-1EBE68CA56CE}
		{A613FC21-33FC-456F-A8A8-074DB8EB8BAA} = {88487E56-411A-4682-A441-1EBE68CA56CE}
	EndGlobalSection
	GlobalSection(ExtensibilityGlobals) = postSolution
		SolutionGuid = {DA2E8A56-BAF7-42BA-87BC-1A8AFEC05039}
	EndGlobalSection
EndGlobal
